
Microsoft Visual Studio Solution File, Format Version 12.00
# Visual Studio 15
VisualStudioVersion = 15.0.28010.2048
MinimumVisualStudioVersion = 10.0.40219.1
Project("{2150E333-8FDC-42A3-9474-1A3956D46DE8}") = "src", "src", "{25615682-AE02-4EA4-A841-63FCD124BC58}"
EndProject
Project("{FAE04EC0-301F-11D3-BF4B-00C04F79EFBC}") = "SharpGlyph", "src\SharpGlyph\SharpGlyph.csproj", "{0B2FB0E8-7474-4A18-A3B7-A5805719924E}"
EndProject
Project("{2150E333-8FDC-42A3-9474-1A3956D46DE8}") = "test", "test", "{8BA1DB80-29F3-4B6A-AFCD-A28C19E53B1A}"
EndProject
Global
	GlobalSection(SolutionConfigurationPlatforms) = preSolution
		Debug|Any CPU = Debug|Any CPU
		Release|Any CPU = Release|Any CPU
	EndGlobalSection
	GlobalSection(ProjectConfigurationPlatforms) = postSolution
		{0B2FB0E8-7474-4A18-A3B7-A5805719924E}.Debug|Any CPU.ActiveCfg = Debug|Any CPU
		{0B2FB0E8-7474-4A18-A3B7-A5805719924E}.Debug|Any CPU.Build.0 = Debug|Any CPU
		{0B2FB0E8-7474-4A18-A3B7-A5805719924E}.Release|Any CPU.ActiveCfg = Release|Any CPU
		{0B2FB0E8-7474-4A18-A3B7-A5805719924E}.Release|Any CPU.Build.0 = Release|Any CPU
	EndGlobalSection
	GlobalSection(SolutionProperties) = preSolution
		HideSolutionNode = FALSE
	EndGlobalSection
	GlobalSection(NestedProjects) = preSolution
		{0B2FB0E8-7474-4A18-A3B7-A5805719924E} = {25615682-AE02-4EA4-A841-63FCD124BC58}
	EndGlobalSection
	GlobalSection(ExtensibilityGlobals) = postSolution
		SolutionGuid = {680D1842-A939-4F06-B9D5-D309B9DCB19D}
	EndGlobalSection
EndGlobal
